// !$*UTF8*$!
{
	archiveVersion = 1;
	classes = {
	};
	objectVersion = 56;
	objects = {

/* Begin PBXBuildFile section */
		74169D682C1D2A15008ED43D /* UserProfile.swift in Sources */ = {isa = PBXBuildFile; fileRef = 74169D672C1D2A15008ED43D /* UserProfile.swift */; };
		74169D6A2C1D2B7A008ED43D /* BlurView.swift in Sources */ = {isa = PBXBuildFile; fileRef = 74169D692C1D2B7A008ED43D /* BlurView.swift */; };
		74169D6C2C1D382F008ED43D /* TabButton.swift in Sources */ = {isa = PBXBuildFile; fileRef = 74169D6B2C1D382F008ED43D /* TabButton.swift */; };
		74169D6E2C1E0989008ED43D /* WelcomeView.swift in Sources */ = {isa = PBXBuildFile; fileRef = 74169D6D2C1E0989008ED43D /* WelcomeView.swift */; };
		74A5AD8D2C1A9CF500A2682A /* Twitter_CloneApp.swift in Sources */ = {isa = PBXBuildFile; fileRef = 74A5AD8C2C1A9CF500A2682A /* Twitter_CloneApp.swift */; };
		74A5AD8F2C1A9CF500A2682A /* ContentView.swift in Sources */ = {isa = PBXBuildFile; fileRef = 74A5AD8E2C1A9CF500A2682A /* ContentView.swift */; };
		74A5AD912C1A9CF700A2682A /* Assets.xcassets in Resources */ = {isa = PBXBuildFile; fileRef = 74A5AD902C1A9CF700A2682A /* Assets.xcassets */; };
		74A5AD942C1A9CF700A2682A /* Preview Assets.xcassets in Resources */ = {isa = PBXBuildFile; fileRef = 74A5AD932C1A9CF700A2682A /* Preview Assets.xcassets */; };
		74A5ADA92C1A9E7700A2682A /* HomeView.swift in Sources */ = {isa = PBXBuildFile; fileRef = 74A5ADA82C1A9E7700A2682A /* HomeView.swift */; };
		74A5ADAB2C1AA00800A2682A /* FeedView.swift in Sources */ = {isa = PBXBuildFile; fileRef = 74A5ADAA2C1AA00800A2682A /* FeedView.swift */; };
		74A5ADAD2C1AA01600A2682A /* SearchView.swift in Sources */ = {isa = PBXBuildFile; fileRef = 74A5ADAC2C1AA01600A2682A /* SearchView.swift */; };
		74A5ADAF2C1AA03000A2682A /* NotificationsView.swift in Sources */ = {isa = PBXBuildFile; fileRef = 74A5ADAE2C1AA03000A2682A /* NotificationsView.swift */; };
		74A5ADB12C1AA03E00A2682A /* MessagesView.swift in Sources */ = {isa = PBXBuildFile; fileRef = 74A5ADB02C1AA03E00A2682A /* MessagesView.swift */; };
		74A5ADB32C1BE18800A2682A /* CreateTweetView.swift in Sources */ = {isa = PBXBuildFile; fileRef = 74A5ADB22C1BE18800A2682A /* CreateTweetView.swift */; };
		74A5ADB52C1BE21B00A2682A /* MultilineTextField.swift in Sources */ = {isa = PBXBuildFile; fileRef = 74A5ADB42C1BE21B00A2682A /* MultilineTextField.swift */; };
		74A5ADB72C1BE63000A2682A /* TweetCellView.swift in Sources */ = {isa = PBXBuildFile; fileRef = 74A5ADB62C1BE63000A2682A /* TweetCellView.swift */; };
		74A5ADB92C1BF0D500A2682A /* SearchCell.swift in Sources */ = {isa = PBXBuildFile; fileRef = 74A5ADB82C1BF0D500A2682A /* SearchCell.swift */; };
		74A5ADBB2C1BF1E700A2682A /* SearchBar.swift in Sources */ = {isa = PBXBuildFile; fileRef = 74A5ADBA2C1BF1E700A2682A /* SearchBar.swift */; };
		74A5ADBD2C1BF41700A2682A /* SearchUserCell.swift in Sources */ = {isa = PBXBuildFile; fileRef = 74A5ADBC2C1BF41700A2682A /* SearchUserCell.swift */; };
		74A5ADBF2C1BF54100A2682A /* Extensions.swift in Sources */ = {isa = PBXBuildFile; fileRef = 74A5ADBE2C1BF54100A2682A /* Extensions.swift */; };
		74A5ADC12C1BF63100A2682A /* NotificationCell.swift in Sources */ = {isa = PBXBuildFile; fileRef = 74A5ADC02C1BF63100A2682A /* NotificationCell.swift */; };
		74A5ADC32C1BF82800A2682A /* MessageCell.swift in Sources */ = {isa = PBXBuildFile; fileRef = 74A5ADC22C1BF82800A2682A /* MessageCell.swift */; };
		74A5ADC52C1BF9AF00A2682A /* TopBar.swift in Sources */ = {isa = PBXBuildFile; fileRef = 74A5ADC42C1BF9AF00A2682A /* TopBar.swift */; };
		74A5ADC72C1BFA8B00A2682A /* MainView.swift in Sources */ = {isa = PBXBuildFile; fileRef = 74A5ADC62C1BFA8B00A2682A /* MainView.swift */; };
		74A5ADC92C1BFAE500A2682A /* SlideMenu.swift in Sources */ = {isa = PBXBuildFile; fileRef = 74A5ADC82C1BFAE500A2682A /* SlideMenu.swift */; };
		74A5ADCB2C1BFB7400A2682A /* FollowView.swift in Sources */ = {isa = PBXBuildFile; fileRef = 74A5ADCA2C1BFB7400A2682A /* FollowView.swift */; };
		74A5ADCD2C1BFB9400A2682A /* ProfileImage.swift in Sources */ = {isa = PBXBuildFile; fileRef = 74A5ADCC2C1BFB9400A2682A /* ProfileImage.swift */; };
		74A5ADCF2C1BFE7200A2682A /* MenuButton.swift in Sources */ = {isa = PBXBuildFile; fileRef = 74A5ADCE2C1BFE7200A2682A /* MenuButton.swift */; };
/* End PBXBuildFile section */

/* Begin PBXFileReference section */
		74169D672C1D2A15008ED43D /* UserProfile.swift */ = {isa = PBXFileReference; lastKnownFileType = sourcecode.swift; path = UserProfile.swift; sourceTree = "<group>"; };
		74169D692C1D2B7A008ED43D /* BlurView.swift */ = {isa = PBXFileReference; lastKnownFileType = sourcecode.swift; path = BlurView.swift; sourceTree = "<group>"; };
		74169D6B2C1D382F008ED43D /* TabButton.swift */ = {isa = PBXFileReference; lastKnownFileType = sourcecode.swift; path = TabButton.swift; sourceTree = "<group>"; };
		74169D6D2C1E0989008ED43D /* WelcomeView.swift */ = {isa = PBXFileReference; lastKnownFileType = sourcecode.swift; path = WelcomeView.swift; sourceTree = "<group>"; };
		74A5AD892C1A9CF500A2682A /* Twitter Clone.app */ = {isa = PBXFileReference; explicitFileType = wrapper.application; includeInIndex = 0; path = "Twitter Clone.app"; sourceTree = BUILT_PRODUCTS_DIR; };
		74A5AD8C2C1A9CF500A2682A /* Twitter_CloneApp.swift */ = {isa = PBXFileReference; lastKnownFileType = sourcecode.swift; path = Twitter_CloneApp.swift; sourceTree = "<group>"; };
		74A5AD8E2C1A9CF500A2682A /* ContentView.swift */ = {isa = PBXFileReference; lastKnownFileType = sourcecode.swift; path = ContentView.swift; sourceTree = "<group>"; };
		74A5AD902C1A9CF700A2682A /* Assets.xcassets */ = {isa = PBXFileReference; lastKnownFileType = folder.assetcatalog; path = Assets.xcassets; sourceTree = "<group>"; };
		74A5AD932C1A9CF700A2682A /* Preview Assets.xcassets */ = {isa = PBXFileReference; lastKnownFileType = folder.assetcatalog; path = "Preview Assets.xcassets"; sourceTree = "<group>"; };
		74A5ADA82C1A9E7700A2682A /* HomeView.swift */ = {isa = PBXFileReference; lastKnownFileType = sourcecode.swift; path = HomeView.swift; sourceTree = "<group>"; };
		74A5ADAA2C1AA00800A2682A /* FeedView.swift */ = {isa = PBXFileReference; lastKnownFileType = sourcecode.swift; path = FeedView.swift; sourceTree = "<group>"; };
		74A5ADAC2C1AA01600A2682A /* SearchView.swift */ = {isa = PBXFileReference; lastKnownFileType = sourcecode.swift; path = SearchView.swift; sourceTree = "<group>"; };
		74A5ADAE2C1AA03000A2682A /* NotificationsView.swift */ = {isa = PBXFileReference; lastKnownFileType = sourcecode.swift; path = NotificationsView.swift; sourceTree = "<group>"; };
		74A5ADB02C1AA03E00A2682A /* MessagesView.swift */ = {isa = PBXFileReference; lastKnownFileType = sourcecode.swift; path = MessagesView.swift; sourceTree = "<group>"; };
		74A5ADB22C1BE18800A2682A /* CreateTweetView.swift */ = {isa = PBXFileReference; lastKnownFileType = sourcecode.swift; path = CreateTweetView.swift; sourceTree = "<group>"; };
		74A5ADB42C1BE21B00A2682A /* MultilineTextField.swift */ = {isa = PBXFileReference; lastKnownFileType = sourcecode.swift; path = MultilineTextField.swift; sourceTree = "<group>"; };
		74A5ADB62C1BE63000A2682A /* TweetCellView.swift */ = {isa = PBXFileReference; lastKnownFileType = sourcecode.swift; path = TweetCellView.swift; sourceTree = "<group>"; };
		74A5ADB82C1BF0D500A2682A /* SearchCell.swift */ = {isa = PBXFileReference; lastKnownFileType = sourcecode.swift; path = SearchCell.swift; sourceTree = "<group>"; };
		74A5ADBA2C1BF1E700A2682A /* SearchBar.swift */ = {isa = PBXFileReference; lastKnownFileType = sourcecode.swift; path = SearchBar.swift; sourceTree = "<group>"; };
		74A5ADBC2C1BF41700A2682A /* SearchUserCell.swift */ = {isa = PBXFileReference; lastKnownFileType = sourcecode.swift; path = SearchUserCell.swift; sourceTree = "<group>"; };
		74A5ADBE2C1BF54100A2682A /* Extensions.swift */ = {isa = PBXFileReference; lastKnownFileType = sourcecode.swift; path = Extensions.swift; sourceTree = "<group>"; };
		74A5ADC02C1BF63100A2682A /* NotificationCell.swift */ = {isa = PBXFileReference; lastKnownFileType = sourcecode.swift; path = NotificationCell.swift; sourceTree = "<group>"; };
		74A5ADC22C1BF82800A2682A /* MessageCell.swift */ = {isa = PBXFileReference; lastKnownFileType = sourcecode.swift; path = MessageCell.swift; sourceTree = "<group>"; };
		74A5ADC42C1BF9AF00A2682A /* TopBar.swift */ = {isa = PBXFileReference; lastKnownFileType = sourcecode.swift; path = TopBar.swift; sourceTree = "<group>"; };
		74A5ADC62C1BFA8B00A2682A /* MainView.swift */ = {isa = PBXFileReference; lastKnownFileType = sourcecode.swift; path = MainView.swift; sourceTree = "<group>"; };
		74A5ADC82C1BFAE500A2682A /* SlideMenu.swift */ = {isa = PBXFileReference; lastKnownFileType = sourcecode.swift; path = SlideMenu.swift; sourceTree = "<group>"; };
		74A5ADCA2C1BFB7400A2682A /* FollowView.swift */ = {isa = PBXFileReference; lastKnownFileType = sourcecode.swift; path = FollowView.swift; sourceTree = "<group>"; };
		74A5ADCC2C1BFB9400A2682A /* ProfileImage.swift */ = {isa = PBXFileReference; lastKnownFileType = sourcecode.swift; path = ProfileImage.swift; sourceTree = "<group>"; };
		74A5ADCE2C1BFE7200A2682A /* MenuButton.swift */ = {isa = PBXFileReference; lastKnownFileType = sourcecode.swift; path = MenuButton.swift; sourceTree = "<group>"; };
/* End PBXFileReference section */

/* Begin PBXFrameworksBuildPhase section */
		74A5AD862C1A9CF500A2682A /* Frameworks */ = {
			isa = PBXFrameworksBuildPhase;
			buildActionMask = 2147483647;
			files = (
			);
			runOnlyForDeploymentPostprocessing = 0;
		};
/* End PBXFrameworksBuildPhase section */

/* Begin PBXGroup section */
		74A5AD802C1A9CF500A2682A = {
			isa = PBXGroup;
			children = (
				74A5AD8B2C1A9CF500A2682A /* Twitter Clone */,
				74A5AD8A2C1A9CF500A2682A /* Products */,
			);
			sourceTree = "<group>";
		};
		74A5AD8A2C1A9CF500A2682A /* Products */ = {
			isa = PBXGroup;
			children = (
				74A5AD892C1A9CF500A2682A /* Twitter Clone.app */,
			);
			name = Products;
			sourceTree = "<group>";
		};
		74A5AD8B2C1A9CF500A2682A /* Twitter Clone */ = {
			isa = PBXGroup;
			children = (
				74A5AD9E2C1A9E0200A2682A /* Extensions */,
				74A5AD9D2C1A9DFB00A2682A /* Services */,
				74A5AD9C2C1A9DF400A2682A /* Model */,
				74A5AD9B2C1A9DEC00A2682A /* ViewModel */,
				74A5AD9A2C1A9DE300A2682A /* View */,
				74A5AD8C2C1A9CF500A2682A /* Twitter_CloneApp.swift */,
				74A5AD8E2C1A9CF500A2682A /* ContentView.swift */,
				74A5AD902C1A9CF700A2682A /* Assets.xcassets */,
				74A5AD922C1A9CF700A2682A /* Preview Content */,
			);
			path = "Twitter Clone";
			sourceTree = "<group>";
		};
		74A5AD922C1A9CF700A2682A /* Preview Content */ = {
			isa = PBXGroup;
			children = (
				74A5AD932C1A9CF700A2682A /* Preview Assets.xcassets */,
			);
			path = "Preview Content";
			sourceTree = "<group>";
		};
		74A5AD9A2C1A9DE300A2682A /* View */ = {
			isa = PBXGroup;
			children = (
				74A5ADA72C1A9E5E00A2682A /* Main */,
				74A5ADA62C1A9E5800A2682A /* Feed */,
				74A5ADA52C1A9E5100A2682A /* Search */,
				74A5ADA42C1A9E4800A2682A /* Notifications */,
				74A5ADA32C1A9E4300A2682A /* Messages */,
				74A5ADA22C1A9E3600A2682A /* Authentication */,
				74A5ADA12C1A9E2E00A2682A /* Items */,
				74A5ADA02C1A9E2700A2682A /* Post */,
				74A5AD9F2C1A9E2000A2682A /* Profile */,
			);
			path = View;
			sourceTree = "<group>";
		};
		74A5AD9B2C1A9DEC00A2682A /* ViewModel */ = {
			isa = PBXGroup;
			children = (
			);
			path = ViewModel;
			sourceTree = "<group>";
		};
		74A5AD9C2C1A9DF400A2682A /* Model */ = {
			isa = PBXGroup;
			children = (
			);
			path = Model;
			sourceTree = "<group>";
		};
		74A5AD9D2C1A9DFB00A2682A /* Services */ = {
			isa = PBXGroup;
			children = (
			);
			path = Services;
			sourceTree = "<group>";
		};
		74A5AD9E2C1A9E0200A2682A /* Extensions */ = {
			isa = PBXGroup;
			children = (
				74A5ADBE2C1BF54100A2682A /* Extensions.swift */,
			);
			path = Extensions;
			sourceTree = "<group>";
		};
		74A5AD9F2C1A9E2000A2682A /* Profile */ = {
			isa = PBXGroup;
			children = (
				74169D672C1D2A15008ED43D /* UserProfile.swift */,
				74169D692C1D2B7A008ED43D /* BlurView.swift */,
			);
			path = Profile;
			sourceTree = "<group>";
		};
		74A5ADA02C1A9E2700A2682A /* Post */ = {
			isa = PBXGroup;
			children = (
				74A5ADB22C1BE18800A2682A /* CreateTweetView.swift */,
			);
			path = Post;
			sourceTree = "<group>";
		};
		74A5ADA12C1A9E2E00A2682A /* Items */ = {
			isa = PBXGroup;
			children = (
				74A5ADB42C1BE21B00A2682A /* MultilineTextField.swift */,
				74A5ADBA2C1BF1E700A2682A /* SearchBar.swift */,
				74A5ADCA2C1BFB7400A2682A /* FollowView.swift */,
				74A5ADCC2C1BFB9400A2682A /* ProfileImage.swift */,
				74A5ADCE2C1BFE7200A2682A /* MenuButton.swift */,
				74169D6B2C1D382F008ED43D /* TabButton.swift */,
			);
			path = Items;
			sourceTree = "<group>";
		};
		74A5ADA22C1A9E3600A2682A /* Authentication */ = {
			isa = PBXGroup;
			children = (
				74169D6D2C1E0989008ED43D /* WelcomeView.swift */,
			);
			path = Authentication;
			sourceTree = "<group>";
		};
		74A5ADA32C1A9E4300A2682A /* Messages */ = {
			isa = PBXGroup;
			children = (
				74A5ADB02C1AA03E00A2682A /* MessagesView.swift */,
				74A5ADC22C1BF82800A2682A /* MessageCell.swift */,
			);
			path = Messages;
			sourceTree = "<group>";
		};
		74A5ADA42C1A9E4800A2682A /* Notifications */ = {
			isa = PBXGroup;
			children = (
				74A5ADAE2C1AA03000A2682A /* NotificationsView.swift */,
				74A5ADC02C1BF63100A2682A /* NotificationCell.swift */,
			);
			path = Notifications;
			sourceTree = "<group>";
		};
		74A5ADA52C1A9E5100A2682A /* Search */ = {
			isa = PBXGroup;
			children = (
				74A5ADAC2C1AA01600A2682A /* SearchView.swift */,
				74A5ADB82C1BF0D500A2682A /* SearchCell.swift */,
				74A5ADBC2C1BF41700A2682A /* SearchUserCell.swift */,
			);
			path = Search;
			sourceTree = "<group>";
		};
		74A5ADA62C1A9E5800A2682A /* Feed */ = {
			isa = PBXGroup;
			children = (
				74A5ADAA2C1AA00800A2682A /* FeedView.swift */,
				74A5ADB62C1BE63000A2682A /* TweetCellView.swift */,
			);
			path = Feed;
			sourceTree = "<group>";
		};
		74A5ADA72C1A9E5E00A2682A /* Main */ = {
			isa = PBXGroup;
			children = (
				74A5ADA82C1A9E7700A2682A /* HomeView.swift */,
				74A5ADC42C1BF9AF00A2682A /* TopBar.swift */,
				74A5ADC62C1BFA8B00A2682A /* MainView.swift */,
				74A5ADC82C1BFAE500A2682A /* SlideMenu.swift */,
			);
			path = Main;
			sourceTree = "<group>";
		};
/* End PBXGroup section */

/* Begin PBXNativeTarget section */
		74A5AD882C1A9CF500A2682A /* Twitter Clone */ = {
			isa = PBXNativeTarget;
			buildConfigurationList = 74A5AD972C1A9CF700A2682A /* Build configuration list for PBXNativeTarget "Twitter Clone" */;
			buildPhases = (
				74A5AD852C1A9CF500A2682A /* Sources */,
				74A5AD862C1A9CF500A2682A /* Frameworks */,
				74A5AD872C1A9CF500A2682A /* Resources */,
			);
			buildRules = (
			);
			dependencies = (
			);
			name = "Twitter Clone";
			productName = "Twitter Clone";
			productReference = 74A5AD892C1A9CF500A2682A /* Twitter Clone.app */;
			productType = "com.apple.product-type.application";
		};
/* End PBXNativeTarget section */

/* Begin PBXProject section */
		74A5AD812C1A9CF500A2682A /* Project object */ = {
			isa = PBXProject;
			attributes = {
				BuildIndependentTargetsInParallel = 1;
				LastSwiftUpdateCheck = 1520;
				LastUpgradeCheck = 1520;
				TargetAttributes = {
					74A5AD882C1A9CF500A2682A = {
						CreatedOnToolsVersion = 15.2;
					};
				};
			};
			buildConfigurationList = 74A5AD842C1A9CF500A2682A /* Build configuration list for PBXProject "Twitter Clone" */;
			compatibilityVersion = "Xcode 14.0";
			developmentRegion = en;
			hasScannedForEncodings = 0;
			knownRegions = (
				en,
				Base,
			);
			mainGroup = 74A5AD802C1A9CF500A2682A;
			productRefGroup = 74A5AD8A2C1A9CF500A2682A /* Products */;
			projectDirPath = "";
			projectRoot = "";
			targets = (
				74A5AD882C1A9CF500A2682A /* Twitter Clone */,
			);
		};
/* End PBXProject section */

/* Begin PBXResourcesBuildPhase section */
		74A5AD872C1A9CF500A2682A /* Resources */ = {
			isa = PBXResourcesBuildPhase;
			buildActionMask = 2147483647;
			files = (
				74A5AD942C1A9CF700A2682A /* Preview Assets.xcassets in Resources */,
				74A5AD912C1A9CF700A2682A /* Assets.xcassets in Resources */,
			);
			runOnlyForDeploymentPostprocessing = 0;
		};
/* End PBXResourcesBuildPhase section */

/* Begin PBXSourcesBuildPhase section */
		74A5AD852C1A9CF500A2682A /* Sources */ = {
			isa = PBXSourcesBuildPhase;
			buildActionMask = 2147483647;
			files = (
				74A5ADB72C1BE63000A2682A /* TweetCellView.swift in Sources */,
				74A5ADC72C1BFA8B00A2682A /* MainView.swift in Sources */,
				74A5ADC32C1BF82800A2682A /* MessageCell.swift in Sources */,
				74A5ADB92C1BF0D500A2682A /* SearchCell.swift in Sources */,
				74A5ADB32C1BE18800A2682A /* CreateTweetView.swift in Sources */,
				74A5ADC92C1BFAE500A2682A /* SlideMenu.swift in Sources */,
				74169D682C1D2A15008ED43D /* UserProfile.swift in Sources */,
				74169D6E2C1E0989008ED43D /* WelcomeView.swift in Sources */,
				74A5ADCF2C1BFE7200A2682A /* MenuButton.swift in Sources */,
				74A5ADAD2C1AA01600A2682A /* SearchView.swift in Sources */,
				74A5ADBD2C1BF41700A2682A /* SearchUserCell.swift in Sources */,
				74A5ADBB2C1BF1E700A2682A /* SearchBar.swift in Sources */,
				74A5ADAB2C1AA00800A2682A /* FeedView.swift in Sources */,
				74A5AD8F2C1A9CF500A2682A /* ContentView.swift in Sources */,
				74A5ADC52C1BF9AF00A2682A /* TopBar.swift in Sources */,
				74A5ADA92C1A9E7700A2682A /* HomeView.swift in Sources */,
				74A5ADCB2C1BFB7400A2682A /* FollowView.swift in Sources */,
				74A5ADB12C1AA03E00A2682A /* MessagesView.swift in Sources */,
				74169D6A2C1D2B7A008ED43D /* BlurView.swift in Sources */,
				74169D6C2C1D382F008ED43D /* TabButton.swift in Sources */,
				74A5ADB52C1BE21B00A2682A /* MultilineTextField.swift in Sources */,
				74A5ADCD2C1BFB9400A2682A /* ProfileImage.swift in Sources */,
				74A5AD8D2C1A9CF500A2682A /* Twitter_CloneApp.swift in Sources */,
				74A5ADAF2C1AA03000A2682A /* NotificationsView.swift in Sources */,
				74A5ADC12C1BF63100A2682A /* NotificationCell.swift in Sources */,
				74A5ADBF2C1BF54100A2682A /* Extensions.swift in Sources */,
			);
			runOnlyForDeploymentPostprocessing = 0;
		};
/* End PBXSourcesBuildPhase section */

/* Begin XCBuildConfiguration section */
		74A5AD952C1A9CF700A2682A /* Debug */ = {
			isa = XCBuildConfiguration;
			buildSettings = {
				ALWAYS_SEARCH_USER_PATHS = NO;
				ASSETCATALOG_COMPILER_GENERATE_SWIFT_ASSET_SYMBOL_EXTENSIONS = YES;
				CLANG_ANALYZER_NONNULL = YES;
				CLANG_ANALYZER_NUMBER_OBJECT_CONVERSION = YES_AGGRESSIVE;
				CLANG_CXX_LANGUAGE_STANDARD = "gnu++20";
				CLANG_ENABLE_MODULES = YES;
				CLANG_ENABLE_OBJC_ARC = YES;
				CLANG_ENABLE_OBJC_WEAK = YES;
				CLANG_WARN_BLOCK_CAPTURE_AUTORELEASING = YES;
				CLANG_WARN_BOOL_CONVERSION = YES;
				CLANG_WARN_COMMA = YES;
				CLANG_WARN_CONSTANT_CONVERSION = YES;
				CLANG_WARN_DEPRECATED_OBJC_IMPLEMENTATIONS = YES;
				CLANG_WARN_DIRECT_OBJC_ISA_USAGE = YES_ERROR;
				CLANG_WARN_DOCUMENTATION_COMMENTS = YES;
				CLANG_WARN_EMPTY_BODY = YES;
				CLANG_WARN_ENUM_CONVERSION = YES;
				CLANG_WARN_INFINITE_RECURSION = YES;
				CLANG_WARN_INT_CONVERSION = YES;
				CLANG_WARN_NON_LITERAL_NULL_CONVERSION = YES;
				CLANG_WARN_OBJC_IMPLICIT_RETAIN_SELF = YES;
				CLANG_WARN_OBJC_LITERAL_CONVERSION = YES;
				CLANG_WARN_OBJC_ROOT_CLASS = YES_ERROR;
				CLANG_WARN_QUOTED_INCLUDE_IN_FRAMEWORK_HEADER = YES;
				CLANG_WARN_RANGE_LOOP_ANALYSIS = YES;
				CLANG_WARN_STRICT_PROTOTYPES = YES;
				CLANG_WARN_SUSPICIOUS_MOVE = YES;
				CLANG_WARN_UNGUARDED_AVAILABILITY = YES_AGGRESSIVE;
				CLANG_WARN_UNREACHABLE_CODE = YES;
				CLANG_WARN__DUPLICATE_METHOD_MATCH = YES;
				COPY_PHASE_STRIP = NO;
				DEBUG_INFORMATION_FORMAT = dwarf;
				ENABLE_STRICT_OBJC_MSGSEND = YES;
				ENABLE_TESTABILITY = YES;
				ENABLE_USER_SCRIPT_SANDBOXING = YES;
				GCC_C_LANGUAGE_STANDARD = gnu17;
				GCC_DYNAMIC_NO_PIC = NO;
				GCC_NO_COMMON_BLOCKS = YES;
				GCC_OPTIMIZATION_LEVEL = 0;
				GCC_PREPROCESSOR_DEFINITIONS = (
					"DEBUG=1",
					"$(inherited)",
				);
				GCC_WARN_64_TO_32_BIT_CONVERSION = YES;
				GCC_WARN_ABOUT_RETURN_TYPE = YES_ERROR;
				GCC_WARN_UNDECLARED_SELECTOR = YES;
				GCC_WARN_UNINITIALIZED_AUTOS = YES_AGGRESSIVE;
				GCC_WARN_UNUSED_FUNCTION = YES;
				GCC_WARN_UNUSED_VARIABLE = YES;
				IPHONEOS_DEPLOYMENT_TARGET = 17.2;
				LOCALIZATION_PREFERS_STRING_CATALOGS = YES;
				MTL_ENABLE_DEBUG_INFO = INCLUDE_SOURCE;
				MTL_FAST_MATH = YES;
				ONLY_ACTIVE_ARCH = YES;
				SDKROOT = iphoneos;
				SWIFT_ACTIVE_COMPILATION_CONDITIONS = "DEBUG $(inherited)";
				SWIFT_OPTIMIZATION_LEVEL = "-Onone";
			};
			name = Debug;
		};
		74A5AD962C1A9CF700A2682A /* Release */ = {
			isa = XCBuildConfiguration;
			buildSettings = {
				ALWAYS_SEARCH_USER_PATHS = NO;
				ASSETCATALOG_COMPILER_GENERATE_SWIFT_ASSET_SYMBOL_EXTENSIONS = YES;
				CLANG_ANALYZER_NONNULL = YES;
				CLANG_ANALYZER_NUMBER_OBJECT_CONVERSION = YES_AGGRESSIVE;
				CLANG_CXX_LANGUAGE_STANDARD = "gnu++20";
				CLANG_ENABLE_MODULES = YES;
				CLANG_ENABLE_OBJC_ARC = YES;
				CLANG_ENABLE_OBJC_WEAK = YES;
				CLANG_WARN_BLOCK_CAPTURE_AUTORELEASING = YES;
				CLANG_WARN_BOOL_CONVERSION = YES;
				CLANG_WARN_COMMA = YES;
				CLANG_WARN_CONSTANT_CONVERSION = YES;
				CLANG_WARN_DEPRECATED_OBJC_IMPLEMENTATIONS = YES;
				CLANG_WARN_DIRECT_OBJC_ISA_USAGE = YES_ERROR;
				CLANG_WARN_DOCUMENTATION_COMMENTS = YES;
				CLANG_WARN_EMPTY_BODY = YES;
				CLANG_WARN_ENUM_CONVERSION = YES;
				CLANG_WARN_INFINITE_RECURSION = YES;
				CLANG_WARN_INT_CONVERSION = YES;
				CLANG_WARN_NON_LITERAL_NULL_CONVERSION = YES;
				CLANG_WARN_OBJC_IMPLICIT_RETAIN_SELF = YES;
				CLANG_WARN_OBJC_LITERAL_CONVERSION = YES;
				CLANG_WARN_OBJC_ROOT_CLASS = YES_ERROR;
				CLANG_WARN_QUOTED_INCLUDE_IN_FRAMEWORK_HEADER = YES;
				CLANG_WARN_RANGE_LOOP_ANALYSIS = YES;
				CLANG_WARN_STRICT_PROTOTYPES = YES;
				CLANG_WARN_SUSPICIOUS_MOVE = YES;
				CLANG_WARN_UNGUARDED_AVAILABILITY = YES_AGGRESSIVE;
				CLANG_WARN_UNREACHABLE_CODE = YES;
				CLANG_WARN__DUPLICATE_METHOD_MATCH = YES;
				COPY_PHASE_STRIP = NO;
				DEBUG_INFORMATION_FORMAT = "dwarf-with-dsym";
				ENABLE_NS_ASSERTIONS = NO;
				ENABLE_STRICT_OBJC_MSGSEND = YES;
				ENABLE_USER_SCRIPT_SANDBOXING = YES;
				GCC_C_LANGUAGE_STANDARD = gnu17;
				GCC_NO_COMMON_BLOCKS = YES;
				GCC_WARN_64_TO_32_BIT_CONVERSION = YES;
				GCC_WARN_ABOUT_RETURN_TYPE = YES_ERROR;
				GCC_WARN_UNDECLARED_SELECTOR = YES;
				GCC_WARN_UNINITIALIZED_AUTOS = YES_AGGRESSIVE;
				GCC_WARN_UNUSED_FUNCTION = YES;
				GCC_WARN_UNUSED_VARIABLE = YES;
				IPHONEOS_DEPLOYMENT_TARGET = 17.2;
				LOCALIZATION_PREFERS_STRING_CATALOGS = YES;
				MTL_ENABLE_DEBUG_INFO = NO;
				MTL_FAST_MATH = YES;
				SDKROOT = iphoneos;
				SWIFT_COMPILATION_MODE = wholemodule;
				VALIDATE_PRODUCT = YES;
			};
			name = Release;
		};
		74A5AD982C1A9CF700A2682A /* Debug */ = {
			isa = XCBuildConfiguration;
			buildSettings = {
				ASSETCATALOG_COMPILER_APPICON_NAME = AppIcon;
				ASSETCATALOG_COMPILER_GLOBAL_ACCENT_COLOR_NAME = AccentColor;
				CODE_SIGN_STYLE = Automatic;
				CURRENT_PROJECT_VERSION = 1;
				DEVELOPMENT_ASSET_PATHS = "\"Twitter Clone/Preview Content\"";
				DEVELOPMENT_TEAM = 6U666T5AU4;
				ENABLE_PREVIEWS = YES;
				GENERATE_INFOPLIST_FILE = YES;
				INFOPLIST_KEY_UIApplicationSceneManifest_Generation = YES;
				INFOPLIST_KEY_UIApplicationSupportsIndirectInputEvents = YES;
				INFOPLIST_KEY_UILaunchScreen_Generation = YES;
				INFOPLIST_KEY_UISupportedInterfaceOrientations_iPad = "UIInterfaceOrientationPortrait UIInterfaceOrientationPortraitUpsideDown UIInterfaceOrientationLandscapeLeft UIInterfaceOrientationLandscapeRight";
				INFOPLIST_KEY_UISupportedInterfaceOrientations_iPhone = "UIInterfaceOrientationPortrait UIInterfaceOrientationLandscapeLeft UIInterfaceOrientationLandscapeRight";
				LD_RUNPATH_SEARCH_PATHS = (
					"$(inherited)",
					"@executable_path/Frameworks",
				);
				MARKETING_VERSION = 1.0;
				PRODUCT_BUNDLE_IDENTIFIER = "MIETech.Twitter-Clone";
				PRODUCT_NAME = "$(TARGET_NAME)";
				SWIFT_EMIT_LOC_STRINGS = YES;
				SWIFT_VERSION = 5.0;
				TARGETED_DEVICE_FAMILY = "1,2";
			};
			name = Debug;
		};
		74A5AD992C1A9CF700A2682A /* Release */ = {
			isa = XCBuildConfiguration;
			buildSettings = {
				ASSETCATALOG_COMPILER_APPICON_NAME = AppIcon;
				ASSETCATALOG_COMPILER_GLOBAL_ACCENT_COLOR_NAME = AccentColor;
				CODE_SIGN_STYLE = Automatic;
				CURRENT_PROJECT_VERSION = 1;
				DEVELOPMENT_ASSET_PATHS = "\"Twitter Clone/Preview Content\"";
				DEVELOPMENT_TEAM = 6U666T5AU4;
				ENABLE_PREVIEWS = YES;
				GENERATE_INFOPLIST_FILE = YES;
				INFOPLIST_KEY_UIApplicationSceneManifest_Generation = YES;
				INFOPLIST_KEY_UIApplicationSupportsIndirectInputEvents = YES;
				INFOPLIST_KEY_UILaunchScreen_Generation = YES;
				INFOPLIST_KEY_UISupportedInterfaceOrientations_iPad = "UIInterfaceOrientationPortrait UIInterfaceOrientationPortraitUpsideDown UIInterfaceOrientationLandscapeLeft UIInterfaceOrientationLandscapeRight";
				INFOPLIST_KEY_UISupportedInterfaceOrientations_iPhone = "UIInterfaceOrientationPortrait UIInterfaceOrientationLandscapeLeft UIInterfaceOrientationLandscapeRight";
				LD_RUNPATH_SEARCH_PATHS = (
					"$(inherited)",
					"@executable_path/Frameworks",
				);
				MARKETING_VERSION = 1.0;
				PRODUCT_BUNDLE_IDENTIFIER = "MIETech.Twitter-Clone";
				PRODUCT_NAME = "$(TARGET_NAME)";
				SWIFT_EMIT_LOC_STRINGS = YES;
				SWIFT_VERSION = 5.0;
				TARGETED_DEVICE_FAMILY = "1,2";
			};
			name = Release;
		};
/* End XCBuildConfiguration section */

/* Begin XCConfigurationList section */
		74A5AD842C1A9CF500A2682A /* Build configuration list for PBXProject "Twitter Clone" */ = {
			isa = XCConfigurationList;
			buildConfigurations = (
				74A5AD952C1A9CF700A2682A /* Debug */,
				74A5AD962C1A9CF700A2682A /* Release */,
			);
			defaultConfigurationIsVisible = 0;
			defaultConfigurationName = Release;
		};
		74A5AD972C1A9CF700A2682A /* Build configuration list for PBXNativeTarget "Twitter Clone" */ = {
			isa = XCConfigurationList;
			buildConfigurations = (
				74A5AD982C1A9CF700A2682A /* Debug */,
				74A5AD992C1A9CF700A2682A /* Release */,
			);
			defaultConfigurationIsVisible = 0;
			defaultConfigurationName = Release;
		};
/* End XCConfigurationList section */
	};
	rootObject = 74A5AD812C1A9CF500A2682A /* Project object */;
}
